
Microsoft Visual Studio Solution File, Format Version 12.00
# Visual Studio Version 17
VisualStudioVersion = 17.14.36414.22 d17.14
MinimumVisualStudioVersion = 10.0.40219.1
Project("{FAE04EC0-301F-11D3-BF4B-00C04F79EFBC}") = "OperatingSystem", "OperatingSystem.csproj", "{948B79B9-2F46-4659-A72C-1525E6ACABA1}"
EndProject
Global
	GlobalSection(SolutionConfigurationPlatforms) = preSolution
		Debug|Any CPU = Debug|Any CPU
		Release|Any CPU = Release|Any CPU
	EndGlobalSection
	GlobalSection(ProjectConfigurationPlatforms) = postSolution
		{948B79B9-2F46-4659-A72C-1525E6ACABA1}.Debug|Any CPU.ActiveCfg = Debug|Any CPU
		{948B79B9-2F46-4659-A72C-1525E6ACABA1}.Debug|Any CPU.Build.0 = Debug|Any CPU
		{948B79B9-2F46-4659-A72C-1525E6ACABA1}.Release|Any CPU.ActiveCfg = Release|Any CPU
		{948B79B9-2F46-4659-A72C-1525E6ACABA1}.Release|Any CPU.Build.0 = Release|Any CPU
	EndGlobalSection
	GlobalSection(SolutionProperties) = preSolution
		HideSolutionNode = FALSE
	EndGlobalSection
	GlobalSection(ExtensibilityGlobals) = postSolution
		SolutionGuid = {12B656F7-0C57-4D6A-A096-E2D19233CBAC}
	EndGlobalSection
EndGlobal
